// !$*UTF8*$!
{
	archiveVersion = 1;
	classes = {
	};
	objectVersion = 56;
	objects = {

/* Begin PBXBuildFile section */
		B30810B42BCA20E6001EF0AC /* ContentView.swift in Sources */ = {isa = PBXBuildFile; fileRef = B30810B22BCA20E6001EF0AC /* ContentView.swift */; };
		B30810B52BCA20E6001EF0AC /* app.swift in Sources */ = {isa = PBXBuildFile; fileRef = B30810B32BCA20E6001EF0AC /* app.swift */; };
		B30810B72BCA2109001EF0AC /* Assets.xcassets in Resources */ = {isa = PBXBuildFile; fileRef = B30810B62BCA2109001EF0AC /* Assets.xcassets */; };
		B371F5D92BCA234600840A00 /* service.c in Sources */ = {isa = PBXBuildFile; fileRef = B371F5D42BCA234600840A00 /* service.c */; settings = {COMPILER_FLAGS = "-v -I.. -I../llama.cpp -I../llama.cpp/examples/main"; }; };
		B371F5DA2BCA234600840A00 /* Downloader.swift in Sources */ = {isa = PBXBuildFile; fileRef = B371F5D62BCA234600840A00 /* Downloader.swift */; };
		B371F5DB2BCA234600840A00 /* Toast.swift in Sources */ = {isa = PBXBuildFile; fileRef = B371F5D72BCA234600840A00 /* Toast.swift */; };
		B371F5DC2BCA234600840A00 /* Service.swift in Sources */ = {isa = PBXBuildFile; fileRef = B371F5D82BCA234600840A00 /* Service.swift */; };
		B3C601BE2BCB0D1300276715 /* Accelerate.framework in Frameworks */ = {isa = PBXBuildFile; fileRef = B3C601BD2BCB0D1300276715 /* Accelerate.framework */; };
		B3C601C02BCB0D1D00276715 /* Metal.framework in Frameworks */ = {isa = PBXBuildFile; fileRef = B3C601BF2BCB0D1D00276715 /* Metal.framework */; };
		B3C601C22BCB0D2D00276715 /* MetalKit.framework in Frameworks */ = {isa = PBXBuildFile; fileRef = B3C601C12BCB0D2D00276715 /* MetalKit.framework */; };
		B3C601C42BCB0D3C00276715 /* Foundation.framework in Frameworks */ = {isa = PBXBuildFile; fileRef = B3C601C32BCB0D3C00276715 /* Foundation.framework */; };
		B3C602142BCB0E6600276715 /* unicode.cpp in Sources */ = {isa = PBXBuildFile; fileRef = B3C602002BCB0E6600276715 /* unicode.cpp */; };
		B3C602152BCB0E6600276715 /* unicode-data.h in Sources */ = {isa = PBXBuildFile; fileRef = B3C602012BCB0E6600276715 /* unicode-data.h */; };
		B3C602162BCB0E6600276715 /* ggml-quants.h in Sources */ = {isa = PBXBuildFile; fileRef = B3C602022BCB0E6600276715 /* ggml-quants.h */; };
		B3C602172BCB0E6600276715 /* unicode.h in Sources */ = {isa = PBXBuildFile; fileRef = B3C602032BCB0E6600276715 /* unicode.h */; };
		B3C602182BCB0E6600276715 /* ggml-quants.c in Sources */ = {isa = PBXBuildFile; fileRef = B3C602042BCB0E6600276715 /* ggml-quants.c */; };
		B3C602192BCB0E6600276715 /* ggml-metal.h in Sources */ = {isa = PBXBuildFile; fileRef = B3C602052BCB0E6600276715 /* ggml-metal.h */; };
		B3C6021A2BCB0E6600276715 /* ggml.h in Sources */ = {isa = PBXBuildFile; fileRef = B3C602062BCB0E6600276715 /* ggml.h */; };
		B3C6021B2BCB0E6600276715 /* ggml-impl.h in Sources */ = {isa = PBXBuildFile; fileRef = B3C602072BCB0E6600276715 /* ggml-impl.h */; };
		B3C6021C2BCB0E6600276715 /* ggml-alloc.h in Sources */ = {isa = PBXBuildFile; fileRef = B3C602082BCB0E6600276715 /* ggml-alloc.h */; };
		B3C6021D2BCB0E6600276715 /* ggml-backend-impl.h in Sources */ = {isa = PBXBuildFile; fileRef = B3C602092BCB0E6600276715 /* ggml-backend-impl.h */; };
		B3C6021E2BCB0E6600276715 /* llama.cpp in Sources */ = {isa = PBXBuildFile; fileRef = B3C6020A2BCB0E6600276715 /* llama.cpp */; };
		B3C6021F2BCB0E6600276715 /* ggml-backend.h in Sources */ = {isa = PBXBuildFile; fileRef = B3C6020B2BCB0E6600276715 /* ggml-backend.h */; };
		B3C602202BCB0E6600276715 /* ggml-metal.m in Sources */ = {isa = PBXBuildFile; fileRef = B3C6020C2BCB0E6600276715 /* ggml-metal.m */; settings = {COMPILER_FLAGS = "-DGGML_METAL_NDEBUG"; }; };
		B3C602212BCB0E6600276715 /* ggml-common.h in Sources */ = {isa = PBXBuildFile; fileRef = B3C6020D2BCB0E6600276715 /* ggml-common.h */; };
		B3C602222BCB0E6600276715 /* ggml-alloc.c in Sources */ = {isa = PBXBuildFile; fileRef = B3C6020E2BCB0E6600276715 /* ggml-alloc.c */; };
		B3C602232BCB0E6600276715 /* llama.h in Sources */ = {isa = PBXBuildFile; fileRef = B3C6020F2BCB0E6600276715 /* llama.h */; };
		B3C602242BCB0E6600276715 /* ggml-metal.metal in Sources */ = {isa = PBXBuildFile; fileRef = B3C602102BCB0E6600276715 /* ggml-metal.metal */; };
		B3C602252BCB0E6600276715 /* unicode-data.cpp in Sources */ = {isa = PBXBuildFile; fileRef = B3C602112BCB0E6600276715 /* unicode-data.cpp */; };
		B3C602262BCB0E6600276715 /* ggml.c in Sources */ = {isa = PBXBuildFile; fileRef = B3C602122BCB0E6600276715 /* ggml.c */; };
		B3C602272BCB0E6600276715 /* ggml-backend.c in Sources */ = {isa = PBXBuildFile; fileRef = B3C602132BCB0E6600276715 /* ggml-backend.c */; };
		B3C602292BCB13F700276715 /* main.cpp in Sources */ = {isa = PBXBuildFile; fileRef = B3C602282BCB13F700276715 /* main.cpp */; settings = {COMPILER_FLAGS = "-DJOKE"; }; };
		B3C6023E2BCB16A200276715 /* common.h in Sources */ = {isa = PBXBuildFile; fileRef = B3C6022A2BCB16A100276715 /* common.h */; };
		B3C6023F2BCB16A200276715 /* train.cpp in Sources */ = {isa = PBXBuildFile; fileRef = B3C6022B2BCB16A100276715 /* train.cpp */; };
		B3C602402BCB16A200276715 /* train.h in Sources */ = {isa = PBXBuildFile; fileRef = B3C6022C2BCB16A100276715 /* train.h */; };
		B3C602412BCB16A200276715 /* grammar-parser.h in Sources */ = {isa = PBXBuildFile; fileRef = B3C6022D2BCB16A100276715 /* grammar-parser.h */; };
		B3C602422BCB16A200276715 /* ngram-cache.h in Sources */ = {isa = PBXBuildFile; fileRef = B3C6022E2BCB16A100276715 /* ngram-cache.h */; };
		B3C602432BCB16A200276715 /* sampling.cpp in Sources */ = {isa = PBXBuildFile; fileRef = B3C6022F2BCB16A100276715 /* sampling.cpp */; };
		B3C602442BCB16A200276715 /* json.hpp in Sources */ = {isa = PBXBuildFile; fileRef = B3C602302BCB16A100276715 /* json.hpp */; };
		B3C602452BCB16A200276715 /* json-schema-to-grammar.h in Sources */ = {isa = PBXBuildFile; fileRef = B3C602312BCB16A100276715 /* json-schema-to-grammar.h */; };
		B3C602462BCB16A200276715 /* common.cpp in Sources */ = {isa = PBXBuildFile; fileRef = B3C602322BCB16A100276715 /* common.cpp */; };
		B3C602472BCB16A200276715 /* base64.hpp in Sources */ = {isa = PBXBuildFile; fileRef = B3C602332BCB16A200276715 /* base64.hpp */; };
		B3C602482BCB16A200276715 /* console.cpp in Sources */ = {isa = PBXBuildFile; fileRef = B3C602342BCB16A200276715 /* console.cpp */; };
		B3C6024A2BCB16A200276715 /* console.h in Sources */ = {isa = PBXBuildFile; fileRef = B3C602362BCB16A200276715 /* console.h */; };
		B3C6024B2BCB16A200276715 /* log.h in Sources */ = {isa = PBXBuildFile; fileRef = B3C602372BCB16A200276715 /* log.h */; };
		B3C6024C2BCB16A200276715 /* build-info.cpp in Sources */ = {isa = PBXBuildFile; fileRef = B3C602382BCB16A200276715 /* build-info.cpp */; };
		B3C6024D2BCB16A200276715 /* ngram-cache.cpp in Sources */ = {isa = PBXBuildFile; fileRef = B3C602392BCB16A200276715 /* ngram-cache.cpp */; };
		B3C6024E2BCB16A200276715 /* grammar-parser.cpp in Sources */ = {isa = PBXBuildFile; fileRef = B3C6023A2BCB16A200276715 /* grammar-parser.cpp */; };
		B3C6024F2BCB16A200276715 /* json-schema-to-grammar.cpp in Sources */ = {isa = PBXBuildFile; fileRef = B3C6023B2BCB16A200276715 /* json-schema-to-grammar.cpp */; };
		B3C602502BCB16A200276715 /* sampling.h in Sources */ = {isa = PBXBuildFile; fileRef = B3C6023C2BCB16A200276715 /* sampling.h */; };
		B3C602512BCB16A200276715 /* stb_image.h in Sources */ = {isa = PBXBuildFile; fileRef = B3C6023D2BCB16A200276715 /* stb_image.h */; };
		B3CB9A002BCA29F500C4CFDD /* README.md in Resources */ = {isa = PBXBuildFile; fileRef = B3CB99FE2BCA29F500C4CFDD /* README.md */; };
		B3CB9A012BCA29F500C4CFDD /* LICENSE in Resources */ = {isa = PBXBuildFile; fileRef = B3CB99FF2BCA29F500C4CFDD /* LICENSE */; };
		B3CB9A032BCA2AA400C4CFDD /* .github in Resources */ = {isa = PBXBuildFile; fileRef = B3CB9A022BCA2AA400C4CFDD /* .github */; };
		B3F334C92BCED241003B48D3 /* SpeechSynthesizer.swift in Sources */ = {isa = PBXBuildFile; fileRef = B3F334C82BCED241003B48D3 /* SpeechSynthesizer.swift */; };
		B3F334CB2BCED251003B48D3 /* ContentViewModel.swift in Sources */ = {isa = PBXBuildFile; fileRef = B3F334CA2BCED251003B48D3 /* ContentViewModel.swift */; };
/* End PBXBuildFile section */

/* Begin PBXFileReference section */
		B30810B22BCA20E6001EF0AC /* ContentView.swift */ = {isa = PBXFileReference; fileEncoding = 4; lastKnownFileType = sourcecode.swift; name = ContentView.swift; path = ../src/ContentView.swift; sourceTree = "<group>"; };
		B30810B32BCA20E6001EF0AC /* app.swift */ = {isa = PBXFileReference; fileEncoding = 4; lastKnownFileType = sourcecode.swift; name = app.swift; path = ../src/app.swift; sourceTree = "<group>"; };
		B30810B62BCA2109001EF0AC /* Assets.xcassets */ = {isa = PBXFileReference; lastKnownFileType = folder.assetcatalog; name = Assets.xcassets; path = ../src/Assets.xcassets; sourceTree = "<group>"; };
		B30810B82BCA211F001EF0AC /* joke.entitlements */ = {isa = PBXFileReference; fileEncoding = 4; lastKnownFileType = text.plist.entitlements; name = joke.entitlements; path = ../src/joke.entitlements; sourceTree = "<group>"; };
		B30810BB2BCA21E1001EF0AC /* bridging-header.h */ = {isa = PBXFileReference; fileEncoding = 4; lastKnownFileType = sourcecode.c.h; name = "bridging-header.h"; path = "../src/bridging-header.h"; sourceTree = "<group>"; };
		B371F5D42BCA234600840A00 /* service.c */ = {isa = PBXFileReference; fileEncoding = 4; lastKnownFileType = sourcecode.c.c; name = service.c; path = ../src/service.c; sourceTree = "<group>"; };
		B371F5D52BCA234600840A00 /* service.h */ = {isa = PBXFileReference; fileEncoding = 4; lastKnownFileType = sourcecode.c.h; name = service.h; path = ../src/service.h; sourceTree = "<group>"; };
		B371F5D62BCA234600840A00 /* Downloader.swift */ = {isa = PBXFileReference; fileEncoding = 4; lastKnownFileType = sourcecode.swift; name = Downloader.swift; path = ../src/Downloader.swift; sourceTree = "<group>"; };
		B371F5D72BCA234600840A00 /* Toast.swift */ = {isa = PBXFileReference; fileEncoding = 4; lastKnownFileType = sourcecode.swift; name = Toast.swift; path = ../src/Toast.swift; sourceTree = "<group>"; };
		B371F5D82BCA234600840A00 /* Service.swift */ = {isa = PBXFileReference; fileEncoding = 4; lastKnownFileType = sourcecode.swift; name = Service.swift; path = ../src/Service.swift; sourceTree = "<group>"; };
		B3C2C19B2BCA1FE800F9ABEE /* joke.app */ = {isa = PBXFileReference; explicitFileType = wrapper.application; includeInIndex = 0; path = joke.app; sourceTree = BUILT_PRODUCTS_DIR; };
		B3C601BD2BCB0D1300276715 /* Accelerate.framework */ = {isa = PBXFileReference; lastKnownFileType = wrapper.framework; name = Accelerate.framework; path = Platforms/iPhoneOS.platform/Developer/SDKs/iPhoneOS17.4.sdk/System/Library/Frameworks/Accelerate.framework; sourceTree = DEVELOPER_DIR; };
		B3C601BF2BCB0D1D00276715 /* Metal.framework */ = {isa = PBXFileReference; lastKnownFileType = wrapper.framework; name = Metal.framework; path = Platforms/iPhoneOS.platform/Developer/SDKs/iPhoneOS17.4.sdk/System/Library/Frameworks/Metal.framework; sourceTree = DEVELOPER_DIR; };
		B3C601C12BCB0D2D00276715 /* MetalKit.framework */ = {isa = PBXFileReference; lastKnownFileType = wrapper.framework; name = MetalKit.framework; path = Platforms/iPhoneOS.platform/Developer/SDKs/iPhoneOS17.4.sdk/System/Library/Frameworks/MetalKit.framework; sourceTree = DEVELOPER_DIR; };
		B3C601C32BCB0D3C00276715 /* Foundation.framework */ = {isa = PBXFileReference; lastKnownFileType = wrapper.framework; name = Foundation.framework; path = Platforms/iPhoneOS.platform/Developer/SDKs/iPhoneOS17.4.sdk/System/Library/Frameworks/Foundation.framework; sourceTree = DEVELOPER_DIR; };
		B3C602002BCB0E6600276715 /* unicode.cpp */ = {isa = PBXFileReference; lastKnownFileType = sourcecode.cpp.cpp; name = unicode.cpp; path = ../llama.cpp/unicode.cpp; sourceTree = "<group>"; };
		B3C602012BCB0E6600276715 /* unicode-data.h */ = {isa = PBXFileReference; lastKnownFileType = sourcecode.c.h; name = "unicode-data.h"; path = "../llama.cpp/unicode-data.h"; sourceTree = "<group>"; };
		B3C602022BCB0E6600276715 /* ggml-quants.h */ = {isa = PBXFileReference; lastKnownFileType = sourcecode.c.h; name = "ggml-quants.h"; path = "../llama.cpp/ggml-quants.h"; sourceTree = "<group>"; };
		B3C602032BCB0E6600276715 /* unicode.h */ = {isa = PBXFileReference; lastKnownFileType = sourcecode.c.h; name = unicode.h; path = ../llama.cpp/unicode.h; sourceTree = "<group>"; };
		B3C602042BCB0E6600276715 /* ggml-quants.c */ = {isa = PBXFileReference; lastKnownFileType = sourcecode.c.c; name = "ggml-quants.c"; path = "../llama.cpp/ggml-quants.c"; sourceTree = "<group>"; };
		B3C602052BCB0E6600276715 /* ggml-metal.h */ = {isa = PBXFileReference; lastKnownFileType = sourcecode.c.h; name = "ggml-metal.h"; path = "../llama.cpp/ggml-metal.h"; sourceTree = "<group>"; };
		B3C602062BCB0E6600276715 /* ggml.h */ = {isa = PBXFileReference; lastKnownFileType = sourcecode.c.h; name = ggml.h; path = ../llama.cpp/ggml.h; sourceTree = "<group>"; };
		B3C602072BCB0E6600276715 /* ggml-impl.h */ = {isa = PBXFileReference; lastKnownFileType = sourcecode.c.h; name = "ggml-impl.h"; path = "../llama.cpp/ggml-impl.h"; sourceTree = "<group>"; };
		B3C602082BCB0E6600276715 /* ggml-alloc.h */ = {isa = PBXFileReference; lastKnownFileType = sourcecode.c.h; name = "ggml-alloc.h"; path = "../llama.cpp/ggml-alloc.h"; sourceTree = "<group>"; };
		B3C602092BCB0E6600276715 /* ggml-backend-impl.h */ = {isa = PBXFileReference; lastKnownFileType = sourcecode.c.h; name = "ggml-backend-impl.h"; path = "../llama.cpp/ggml-backend-impl.h"; sourceTree = "<group>"; };
		B3C6020A2BCB0E6600276715 /* llama.cpp */ = {isa = PBXFileReference; lastKnownFileType = sourcecode.cpp.cpp; name = llama.cpp; path = ../llama.cpp/llama.cpp; sourceTree = "<group>"; };
		B3C6020B2BCB0E6600276715 /* ggml-backend.h */ = {isa = PBXFileReference; lastKnownFileType = sourcecode.c.h; name = "ggml-backend.h"; path = "../llama.cpp/ggml-backend.h"; sourceTree = "<group>"; };
		B3C6020C2BCB0E6600276715 /* ggml-metal.m */ = {isa = PBXFileReference; lastKnownFileType = sourcecode.c.objc; name = "ggml-metal.m"; path = "../llama.cpp/ggml-metal.m"; sourceTree = "<group>"; };
		B3C6020D2BCB0E6600276715 /* ggml-common.h */ = {isa = PBXFileReference; lastKnownFileType = sourcecode.c.h; name = "ggml-common.h"; path = "../llama.cpp/ggml-common.h"; sourceTree = "<group>"; };
		B3C6020E2BCB0E6600276715 /* ggml-alloc.c */ = {isa = PBXFileReference; lastKnownFileType = sourcecode.c.c; name = "ggml-alloc.c"; path = "../llama.cpp/ggml-alloc.c"; sourceTree = "<group>"; };
		B3C6020F2BCB0E6600276715 /* llama.h */ = {isa = PBXFileReference; lastKnownFileType = sourcecode.c.h; name = llama.h; path = ../llama.cpp/llama.h; sourceTree = "<group>"; };
		B3C602102BCB0E6600276715 /* ggml-metal.metal */ = {isa = PBXFileReference; lastKnownFileType = sourcecode.metal; name = "ggml-metal.metal"; path = "../llama.cpp/ggml-metal.metal"; sourceTree = "<group>"; };
		B3C602112BCB0E6600276715 /* unicode-data.cpp */ = {isa = PBXFileReference; lastKnownFileType = sourcecode.cpp.cpp; name = "unicode-data.cpp"; path = "../llama.cpp/unicode-data.cpp"; sourceTree = "<group>"; };
		B3C602122BCB0E6600276715 /* ggml.c */ = {isa = PBXFileReference; lastKnownFileType = sourcecode.c.c; name = ggml.c; path = ../llama.cpp/ggml.c; sourceTree = "<group>"; };
		B3C602132BCB0E6600276715 /* ggml-backend.c */ = {isa = PBXFileReference; lastKnownFileType = sourcecode.c.c; name = "ggml-backend.c"; path = "../llama.cpp/ggml-backend.c"; sourceTree = "<group>"; };
		B3C602282BCB13F700276715 /* main.cpp */ = {isa = PBXFileReference; lastKnownFileType = sourcecode.cpp.cpp; name = main.cpp; path = ../llama.cpp/examples/main/main.cpp; sourceTree = "<group>"; };
		B3C6022A2BCB16A100276715 /* common.h */ = {isa = PBXFileReference; lastKnownFileType = sourcecode.c.h; name = common.h; path = ../llama.cpp/common/common.h; sourceTree = "<group>"; };
		B3C6022B2BCB16A100276715 /* train.cpp */ = {isa = PBXFileReference; lastKnownFileType = sourcecode.cpp.cpp; name = train.cpp; path = ../llama.cpp/common/train.cpp; sourceTree = "<group>"; };
		B3C6022C2BCB16A100276715 /* train.h */ = {isa = PBXFileReference; lastKnownFileType = sourcecode.c.h; name = train.h; path = ../llama.cpp/common/train.h; sourceTree = "<group>"; };
		B3C6022D2BCB16A100276715 /* grammar-parser.h */ = {isa = PBXFileReference; lastKnownFileType = sourcecode.c.h; name = "grammar-parser.h"; path = "../llama.cpp/common/grammar-parser.h"; sourceTree = "<group>"; };
		B3C6022E2BCB16A100276715 /* ngram-cache.h */ = {isa = PBXFileReference; lastKnownFileType = sourcecode.c.h; name = "ngram-cache.h"; path = "../llama.cpp/common/ngram-cache.h"; sourceTree = "<group>"; };
		B3C6022F2BCB16A100276715 /* sampling.cpp */ = {isa = PBXFileReference; lastKnownFileType = sourcecode.cpp.cpp; name = sampling.cpp; path = ../llama.cpp/common/sampling.cpp; sourceTree = "<group>"; };
		B3C602302BCB16A100276715 /* json.hpp */ = {isa = PBXFileReference; lastKnownFileType = sourcecode.cpp.h; name = json.hpp; path = ../llama.cpp/common/json.hpp; sourceTree = "<group>"; };
		B3C602312BCB16A100276715 /* json-schema-to-grammar.h */ = {isa = PBXFileReference; lastKnownFileType = sourcecode.c.h; name = "json-schema-to-grammar.h"; path = "../llama.cpp/common/json-schema-to-grammar.h"; sourceTree = "<group>"; };
		B3C602322BCB16A100276715 /* common.cpp */ = {isa = PBXFileReference; lastKnownFileType = sourcecode.cpp.cpp; name = common.cpp; path = ../llama.cpp/common/common.cpp; sourceTree = "<group>"; };
		B3C602332BCB16A200276715 /* base64.hpp */ = {isa = PBXFileReference; lastKnownFileType = sourcecode.cpp.h; name = base64.hpp; path = ../llama.cpp/common/base64.hpp; sourceTree = "<group>"; };
		B3C602342BCB16A200276715 /* console.cpp */ = {isa = PBXFileReference; lastKnownFileType = sourcecode.cpp.cpp; name = console.cpp; path = ../llama.cpp/common/console.cpp; sourceTree = "<group>"; };
		B3C602352BCB16A200276715 /* build-info.cpp.in */ = {isa = PBXFileReference; lastKnownFileType = text; name = "build-info.cpp.in"; path = "../llama.cpp/common/build-info.cpp.in"; sourceTree = "<group>"; };
		B3C602362BCB16A200276715 /* console.h */ = {isa = PBXFileReference; lastKnownFileType = sourcecode.c.h; name = console.h; path = ../llama.cpp/common/console.h; sourceTree = "<group>"; };
		B3C602372BCB16A200276715 /* log.h */ = {isa = PBXFileReference; lastKnownFileType = sourcecode.c.h; name = log.h; path = ../llama.cpp/common/log.h; sourceTree = "<group>"; };
		B3C602382BCB16A200276715 /* build-info.cpp */ = {isa = PBXFileReference; lastKnownFileType = sourcecode.cpp.cpp; name = "build-info.cpp"; path = "../llama.cpp/common/build-info.cpp"; sourceTree = "<group>"; };
		B3C602392BCB16A200276715 /* ngram-cache.cpp */ = {isa = PBXFileReference; lastKnownFileType = sourcecode.cpp.cpp; name = "ngram-cache.cpp"; path = "../llama.cpp/common/ngram-cache.cpp"; sourceTree = "<group>"; };
		B3C6023A2BCB16A200276715 /* grammar-parser.cpp */ = {isa = PBXFileReference; lastKnownFileType = sourcecode.cpp.cpp; name = "grammar-parser.cpp"; path = "../llama.cpp/common/grammar-parser.cpp"; sourceTree = "<group>"; };
		B3C6023B2BCB16A200276715 /* json-schema-to-grammar.cpp */ = {isa = PBXFileReference; lastKnownFileType = sourcecode.cpp.cpp; name = "json-schema-to-grammar.cpp"; path = "../llama.cpp/common/json-schema-to-grammar.cpp"; sourceTree = "<group>"; };
		B3C6023C2BCB16A200276715 /* sampling.h */ = {isa = PBXFileReference; lastKnownFileType = sourcecode.c.h; name = sampling.h; path = ../llama.cpp/common/sampling.h; sourceTree = "<group>"; };
		B3C6023D2BCB16A200276715 /* stb_image.h */ = {isa = PBXFileReference; lastKnownFileType = sourcecode.c.h; name = stb_image.h; path = ../llama.cpp/common/stb_image.h; sourceTree = "<group>"; };
		B3CB99FE2BCA29F500C4CFDD /* README.md */ = {isa = PBXFileReference; fileEncoding = 4; lastKnownFileType = net.daringfireball.markdown; name = README.md; path = ../README.md; sourceTree = "<group>"; };
		B3CB99FF2BCA29F500C4CFDD /* LICENSE */ = {isa = PBXFileReference; fileEncoding = 4; lastKnownFileType = text; name = LICENSE; path = ../LICENSE; sourceTree = "<group>"; };
		B3CB9A022BCA2AA400C4CFDD /* .github */ = {isa = PBXFileReference; lastKnownFileType = folder; name = .github; path = ../.github; sourceTree = "<group>"; };
		B3F334C82BCED241003B48D3 /* SpeechSynthesizer.swift */ = {isa = PBXFileReference; fileEncoding = 4; lastKnownFileType = sourcecode.swift; name = SpeechSynthesizer.swift; path = ../src/SpeechSynthesizer.swift; sourceTree = "<group>"; };
		B3F334CA2BCED251003B48D3 /* ContentViewModel.swift */ = {isa = PBXFileReference; fileEncoding = 4; lastKnownFileType = sourcecode.swift; name = ContentViewModel.swift; path = ../src/ContentViewModel.swift; sourceTree = "<group>"; };
/* End PBXFileReference section */

/* Begin PBXFrameworksBuildPhase section */
		B3C2C1982BCA1FE800F9ABEE /* Frameworks */ = {
			isa = PBXFrameworksBuildPhase;
			buildActionMask = 2147483647;
			files = (
				B3C601C22BCB0D2D00276715 /* MetalKit.framework in Frameworks */,
				B3C601C02BCB0D1D00276715 /* Metal.framework in Frameworks */,
				B3C601BE2BCB0D1300276715 /* Accelerate.framework in Frameworks */,
				B3C601C42BCB0D3C00276715 /* Foundation.framework in Frameworks */,
			);
			runOnlyForDeploymentPostprocessing = 0;
		};
/* End PBXFrameworksBuildPhase section */

/* Begin PBXGroup section */
		B3C2C1922BCA1FE800F9ABEE = {
			isa = PBXGroup;
			children = (
				B30810B32BCA20E6001EF0AC /* app.swift */,
				B30810B22BCA20E6001EF0AC /* ContentView.swift */,
				B371F5D82BCA234600840A00 /* Service.swift */,
				B371F5D72BCA234600840A00 /* Toast.swift */,
				B3F334CA2BCED251003B48D3 /* ContentViewModel.swift */,
				B371F5D62BCA234600840A00 /* Downloader.swift */,
				B3F334C82BCED241003B48D3 /* SpeechSynthesizer.swift */,
				B30810BB2BCA21E1001EF0AC /* bridging-header.h */,
				B371F5D42BCA234600840A00 /* service.c */,
				B371F5D52BCA234600840A00 /* service.h */,
				B3C602332BCB16A200276715 /* base64.hpp */,
				B3C602382BCB16A200276715 /* build-info.cpp */,
				B3C602352BCB16A200276715 /* build-info.cpp.in */,
				B3C602322BCB16A100276715 /* common.cpp */,
				B3C6022A2BCB16A100276715 /* common.h */,
				B3C602342BCB16A200276715 /* console.cpp */,
				B3C602362BCB16A200276715 /* console.h */,
				B3C6023A2BCB16A200276715 /* grammar-parser.cpp */,
				B3C6022D2BCB16A100276715 /* grammar-parser.h */,
				B3C6023B2BCB16A200276715 /* json-schema-to-grammar.cpp */,
				B3C602312BCB16A100276715 /* json-schema-to-grammar.h */,
				B3C602302BCB16A100276715 /* json.hpp */,
				B3C602372BCB16A200276715 /* log.h */,
				B3C602392BCB16A200276715 /* ngram-cache.cpp */,
				B3C6022E2BCB16A100276715 /* ngram-cache.h */,
				B3C6022F2BCB16A100276715 /* sampling.cpp */,
				B3C6023C2BCB16A200276715 /* sampling.h */,
				B3C6023D2BCB16A200276715 /* stb_image.h */,
				B3C6022B2BCB16A100276715 /* train.cpp */,
				B3C6022C2BCB16A100276715 /* train.h */,
				B3C602282BCB13F700276715 /* main.cpp */,
				B3C6020E2BCB0E6600276715 /* ggml-alloc.c */,
				B3C602082BCB0E6600276715 /* ggml-alloc.h */,
				B3C602092BCB0E6600276715 /* ggml-backend-impl.h */,
				B3C602132BCB0E6600276715 /* ggml-backend.c */,
				B3C6020B2BCB0E6600276715 /* ggml-backend.h */,
				B3C6020D2BCB0E6600276715 /* ggml-common.h */,
				B3C602072BCB0E6600276715 /* ggml-impl.h */,
				B3C602052BCB0E6600276715 /* ggml-metal.h */,
				B3C6020C2BCB0E6600276715 /* ggml-metal.m */,
				B3C602102BCB0E6600276715 /* ggml-metal.metal */,
				B3C602042BCB0E6600276715 /* ggml-quants.c */,
				B3C602022BCB0E6600276715 /* ggml-quants.h */,
				B3C602122BCB0E6600276715 /* ggml.c */,
				B3C602062BCB0E6600276715 /* ggml.h */,
				B3C6020A2BCB0E6600276715 /* llama.cpp */,
				B3C6020F2BCB0E6600276715 /* llama.h */,
				B3C602112BCB0E6600276715 /* unicode-data.cpp */,
				B3C602012BCB0E6600276715 /* unicode-data.h */,
				B3C602002BCB0E6600276715 /* unicode.cpp */,
				B3C602032BCB0E6600276715 /* unicode.h */,
				B3CB9A022BCA2AA400C4CFDD /* .github */,
				B30810B82BCA211F001EF0AC /* joke.entitlements */,
				B30810B62BCA2109001EF0AC /* Assets.xcassets */,
				B3CB99FF2BCA29F500C4CFDD /* LICENSE */,
				B3CB99FE2BCA29F500C4CFDD /* README.md */,
				B3C2C19C2BCA1FE800F9ABEE /* Products */,
				B3C601BC2BCB0D1300276715 /* Frameworks */,
			);
			sourceTree = "<group>";
		};
		B3C2C19C2BCA1FE800F9ABEE /* Products */ = {
			isa = PBXGroup;
			children = (
				B3C2C19B2BCA1FE800F9ABEE /* joke.app */,
			);
			name = Products;
			sourceTree = "<group>";
		};
		B3C601BC2BCB0D1300276715 /* Frameworks */ = {
			isa = PBXGroup;
			children = (
				B3C601C32BCB0D3C00276715 /* Foundation.framework */,
				B3C601C12BCB0D2D00276715 /* MetalKit.framework */,
				B3C601BF2BCB0D1D00276715 /* Metal.framework */,
				B3C601BD2BCB0D1300276715 /* Accelerate.framework */,
			);
			name = Frameworks;
			sourceTree = "<group>";
		};
/* End PBXGroup section */

/* Begin PBXNativeTarget section */
		B3C2C19A2BCA1FE800F9ABEE /* joke */ = {
			isa = PBXNativeTarget;
			buildConfigurationList = B3C2C1AA2BCA1FE800F9ABEE /* Build configuration list for PBXNativeTarget "joke" */;
			buildPhases = (
				B3C2C1972BCA1FE800F9ABEE /* Sources */,
				B3C2C1982BCA1FE800F9ABEE /* Frameworks */,
				B3C2C1992BCA1FE800F9ABEE /* Resources */,
			);
			buildRules = (
			);
			dependencies = (
			);
			name = joke;
			productName = joke;
			productReference = B3C2C19B2BCA1FE800F9ABEE /* joke.app */;
			productType = "com.apple.product-type.application";
		};
/* End PBXNativeTarget section */

/* Begin PBXProject section */
		B3C2C1932BCA1FE800F9ABEE /* Project object */ = {
			isa = PBXProject;
			attributes = {
				BuildIndependentTargetsInParallel = 1;
				LastSwiftUpdateCheck = 1530;
				LastUpgradeCheck = 1530;
				TargetAttributes = {
					B3C2C19A2BCA1FE800F9ABEE = {
						CreatedOnToolsVersion = 15.3;
						LastSwiftMigration = 1530;
					};
				};
			};
			buildConfigurationList = B3C2C1962BCA1FE800F9ABEE /* Build configuration list for PBXProject "joke" */;
			compatibilityVersion = "Xcode 14.0";
			developmentRegion = en;
			hasScannedForEncodings = 0;
			knownRegions = (
				en,
				Base,
			);
			mainGroup = B3C2C1922BCA1FE800F9ABEE;
			productRefGroup = B3C2C19C2BCA1FE800F9ABEE /* Products */;
			projectDirPath = "";
			projectRoot = "";
			targets = (
				B3C2C19A2BCA1FE800F9ABEE /* joke */,
			);
		};
/* End PBXProject section */

/* Begin PBXResourcesBuildPhase section */
		B3C2C1992BCA1FE800F9ABEE /* Resources */ = {
			isa = PBXResourcesBuildPhase;
			buildActionMask = 2147483647;
			files = (
				B3CB9A032BCA2AA400C4CFDD /* .github in Resources */,
				B3CB9A012BCA29F500C4CFDD /* LICENSE in Resources */,
				B3CB9A002BCA29F500C4CFDD /* README.md in Resources */,
				B30810B72BCA2109001EF0AC /* Assets.xcassets in Resources */,
			);
			runOnlyForDeploymentPostprocessing = 0;
		};
/* End PBXResourcesBuildPhase section */

/* Begin PBXSourcesBuildPhase section */
		B3C2C1972BCA1FE800F9ABEE /* Sources */ = {
			isa = PBXSourcesBuildPhase;
			buildActionMask = 2147483647;
			files = (
				B3C6023E2BCB16A200276715 /* common.h in Sources */,
				B3C6023F2BCB16A200276715 /* train.cpp in Sources */,
				B3C602402BCB16A200276715 /* train.h in Sources */,
				B3C602412BCB16A200276715 /* grammar-parser.h in Sources */,
				B3C602422BCB16A200276715 /* ngram-cache.h in Sources */,
				B3C602432BCB16A200276715 /* sampling.cpp in Sources */,
				B3C602442BCB16A200276715 /* json.hpp in Sources */,
				B3C602452BCB16A200276715 /* json-schema-to-grammar.h in Sources */,
				B3F334CB2BCED251003B48D3 /* ContentViewModel.swift in Sources */,
				B3C602462BCB16A200276715 /* common.cpp in Sources */,
				B3C602472BCB16A200276715 /* base64.hpp in Sources */,
				B3C602482BCB16A200276715 /* console.cpp in Sources */,
				B3C6024A2BCB16A200276715 /* console.h in Sources */,
				B3C6024B2BCB16A200276715 /* log.h in Sources */,
				B3C6024C2BCB16A200276715 /* build-info.cpp in Sources */,
				B3C6024D2BCB16A200276715 /* ngram-cache.cpp in Sources */,
				B3C6024E2BCB16A200276715 /* grammar-parser.cpp in Sources */,
				B3C6024F2BCB16A200276715 /* json-schema-to-grammar.cpp in Sources */,
				B3F334C92BCED241003B48D3 /* SpeechSynthesizer.swift in Sources */,
				B3C602502BCB16A200276715 /* sampling.h in Sources */,
				B3C602512BCB16A200276715 /* stb_image.h in Sources */,
				B3C602292BCB13F700276715 /* main.cpp in Sources */,
				B3C602142BCB0E6600276715 /* unicode.cpp in Sources */,
				B3C602152BCB0E6600276715 /* unicode-data.h in Sources */,
				B3C602162BCB0E6600276715 /* ggml-quants.h in Sources */,
				B3C602172BCB0E6600276715 /* unicode.h in Sources */,
				B3C602182BCB0E6600276715 /* ggml-quants.c in Sources */,
				B3C602192BCB0E6600276715 /* ggml-metal.h in Sources */,
				B3C6021A2BCB0E6600276715 /* ggml.h in Sources */,
				B3C6021B2BCB0E6600276715 /* ggml-impl.h in Sources */,
				B3C6021C2BCB0E6600276715 /* ggml-alloc.h in Sources */,
				B3C6021D2BCB0E6600276715 /* ggml-backend-impl.h in Sources */,
				B3C6021E2BCB0E6600276715 /* llama.cpp in Sources */,
				B3C6021F2BCB0E6600276715 /* ggml-backend.h in Sources */,
				B3C602202BCB0E6600276715 /* ggml-metal.m in Sources */,
				B3C602212BCB0E6600276715 /* ggml-common.h in Sources */,
				B3C602222BCB0E6600276715 /* ggml-alloc.c in Sources */,
				B3C602232BCB0E6600276715 /* llama.h in Sources */,
				B3C602242BCB0E6600276715 /* ggml-metal.metal in Sources */,
				B3C602252BCB0E6600276715 /* unicode-data.cpp in Sources */,
				B3C602262BCB0E6600276715 /* ggml.c in Sources */,
				B3C602272BCB0E6600276715 /* ggml-backend.c in Sources */,
				B30810B52BCA20E6001EF0AC /* app.swift in Sources */,
				B371F5D92BCA234600840A00 /* service.c in Sources */,
				B371F5DB2BCA234600840A00 /* Toast.swift in Sources */,
				B371F5DA2BCA234600840A00 /* Downloader.swift in Sources */,
				B30810B42BCA20E6001EF0AC /* ContentView.swift in Sources */,
				B371F5DC2BCA234600840A00 /* Service.swift in Sources */,
			);
			runOnlyForDeploymentPostprocessing = 0;
		};
/* End PBXSourcesBuildPhase section */

/* Begin XCBuildConfiguration section */
		B3C2C1A82BCA1FE800F9ABEE /* Debug */ = {
			isa = XCBuildConfiguration;
			buildSettings = {
				ALWAYS_SEARCH_USER_PATHS = NO;
				ASSETCATALOG_COMPILER_GENERATE_SWIFT_ASSET_SYMBOL_EXTENSIONS = YES;
				CLANG_ANALYZER_NONNULL = YES;
				CLANG_ANALYZER_NUMBER_OBJECT_CONVERSION = YES_AGGRESSIVE;
				CLANG_CXX_LANGUAGE_STANDARD = "gnu++20";
				CLANG_ENABLE_MODULES = YES;
				CLANG_ENABLE_OBJC_ARC = YES;
				CLANG_ENABLE_OBJC_WEAK = YES;
				CLANG_WARN_BLOCK_CAPTURE_AUTORELEASING = YES;
				CLANG_WARN_BOOL_CONVERSION = YES;
				CLANG_WARN_COMMA = YES;
				CLANG_WARN_CONSTANT_CONVERSION = YES;
				CLANG_WARN_DEPRECATED_OBJC_IMPLEMENTATIONS = YES;
				CLANG_WARN_DIRECT_OBJC_ISA_USAGE = YES_ERROR;
				CLANG_WARN_DOCUMENTATION_COMMENTS = YES;
				CLANG_WARN_EMPTY_BODY = YES;
				CLANG_WARN_ENUM_CONVERSION = YES;
				CLANG_WARN_INFINITE_RECURSION = YES;
				CLANG_WARN_INT_CONVERSION = YES;
				CLANG_WARN_NON_LITERAL_NULL_CONVERSION = YES;
				CLANG_WARN_OBJC_IMPLICIT_RETAIN_SELF = YES;
				CLANG_WARN_OBJC_LITERAL_CONVERSION = YES;
				CLANG_WARN_OBJC_ROOT_CLASS = YES_ERROR;
				CLANG_WARN_QUOTED_INCLUDE_IN_FRAMEWORK_HEADER = YES;
				CLANG_WARN_RANGE_LOOP_ANALYSIS = YES;
				CLANG_WARN_STRICT_PROTOTYPES = YES;
				CLANG_WARN_SUSPICIOUS_MOVE = YES;
				CLANG_WARN_UNGUARDED_AVAILABILITY = YES_AGGRESSIVE;
				CLANG_WARN_UNREACHABLE_CODE = YES;
				CLANG_WARN__DUPLICATE_METHOD_MATCH = YES;
				COPY_PHASE_STRIP = NO;
				DEBUG_INFORMATION_FORMAT = dwarf;
				ENABLE_STRICT_OBJC_MSGSEND = YES;
				ENABLE_TESTABILITY = YES;
				ENABLE_USER_SCRIPT_SANDBOXING = YES;
				GCC_C_LANGUAGE_STANDARD = gnu17;
				GCC_DYNAMIC_NO_PIC = NO;
				GCC_NO_COMMON_BLOCKS = YES;
				GCC_OPTIMIZATION_LEVEL = 0;
				GCC_PREPROCESSOR_DEFINITIONS = (
					"DEBUG=1",
					"$(inherited)",
				);
				GCC_WARN_64_TO_32_BIT_CONVERSION = YES;
				GCC_WARN_ABOUT_RETURN_TYPE = YES_ERROR;
				GCC_WARN_UNDECLARED_SELECTOR = YES;
				GCC_WARN_UNINITIALIZED_AUTOS = YES_AGGRESSIVE;
				GCC_WARN_UNUSED_FUNCTION = YES;
				GCC_WARN_UNUSED_VARIABLE = YES;
				LOCALIZATION_PREFERS_STRING_CATALOGS = YES;
				MTL_ENABLE_DEBUG_INFO = INCLUDE_SOURCE;
				MTL_FAST_MATH = YES;
				ONLY_ACTIVE_ARCH = YES;
				SWIFT_ACTIVE_COMPILATION_CONDITIONS = "DEBUG $(inherited)";
				SWIFT_OPTIMIZATION_LEVEL = "-Onone";
			};
			name = Debug;
		};
		B3C2C1A92BCA1FE800F9ABEE /* Release */ = {
			isa = XCBuildConfiguration;
			buildSettings = {
				ALWAYS_SEARCH_USER_PATHS = NO;
				ASSETCATALOG_COMPILER_GENERATE_SWIFT_ASSET_SYMBOL_EXTENSIONS = YES;
				CLANG_ANALYZER_NONNULL = YES;
				CLANG_ANALYZER_NUMBER_OBJECT_CONVERSION = YES_AGGRESSIVE;
				CLANG_CXX_LANGUAGE_STANDARD = "gnu++20";
				CLANG_ENABLE_MODULES = YES;
				CLANG_ENABLE_OBJC_ARC = YES;
				CLANG_ENABLE_OBJC_WEAK = YES;
				CLANG_WARN_BLOCK_CAPTURE_AUTORELEASING = YES;
				CLANG_WARN_BOOL_CONVERSION = YES;
				CLANG_WARN_COMMA = YES;
				CLANG_WARN_CONSTANT_CONVERSION = YES;
				CLANG_WARN_DEPRECATED_OBJC_IMPLEMENTATIONS = YES;
				CLANG_WARN_DIRECT_OBJC_ISA_USAGE = YES_ERROR;
				CLANG_WARN_DOCUMENTATION_COMMENTS = YES;
				CLANG_WARN_EMPTY_BODY = YES;
				CLANG_WARN_ENUM_CONVERSION = YES;
				CLANG_WARN_INFINITE_RECURSION = YES;
				CLANG_WARN_INT_CONVERSION = YES;
				CLANG_WARN_NON_LITERAL_NULL_CONVERSION = YES;
				CLANG_WARN_OBJC_IMPLICIT_RETAIN_SELF = YES;
				CLANG_WARN_OBJC_LITERAL_CONVERSION = YES;
				CLANG_WARN_OBJC_ROOT_CLASS = YES_ERROR;
				CLANG_WARN_QUOTED_INCLUDE_IN_FRAMEWORK_HEADER = YES;
				CLANG_WARN_RANGE_LOOP_ANALYSIS = YES;
				CLANG_WARN_STRICT_PROTOTYPES = YES;
				CLANG_WARN_SUSPICIOUS_MOVE = YES;
				CLANG_WARN_UNGUARDED_AVAILABILITY = YES_AGGRESSIVE;
				CLANG_WARN_UNREACHABLE_CODE = YES;
				CLANG_WARN__DUPLICATE_METHOD_MATCH = YES;
				COPY_PHASE_STRIP = NO;
				DEBUG_INFORMATION_FORMAT = "dwarf-with-dsym";
				ENABLE_NS_ASSERTIONS = NO;
				ENABLE_STRICT_OBJC_MSGSEND = YES;
				ENABLE_USER_SCRIPT_SANDBOXING = YES;
				GCC_C_LANGUAGE_STANDARD = gnu17;
				GCC_NO_COMMON_BLOCKS = YES;
				GCC_WARN_64_TO_32_BIT_CONVERSION = YES;
				GCC_WARN_ABOUT_RETURN_TYPE = YES_ERROR;
				GCC_WARN_UNDECLARED_SELECTOR = YES;
				GCC_WARN_UNINITIALIZED_AUTOS = YES_AGGRESSIVE;
				GCC_WARN_UNUSED_FUNCTION = YES;
				GCC_WARN_UNUSED_VARIABLE = YES;
				LOCALIZATION_PREFERS_STRING_CATALOGS = YES;
				MTL_ENABLE_DEBUG_INFO = NO;
				MTL_FAST_MATH = YES;
				SWIFT_COMPILATION_MODE = wholemodule;
			};
			name = Release;
		};
		B3C2C1AB2BCA1FE800F9ABEE /* Debug */ = {
			isa = XCBuildConfiguration;
			buildSettings = {
				ASSETCATALOG_COMPILER_APPICON_NAME = AppIcon;
				ASSETCATALOG_COMPILER_GLOBAL_ACCENT_COLOR_NAME = AccentColor;
				CLANG_ENABLE_MODULES = YES;
				CLANG_ENABLE_OBJC_ARC = NO;
				CODE_SIGN_ENTITLEMENTS = ../src/joke.entitlements;
				CODE_SIGN_STYLE = Automatic;
				CURRENT_PROJECT_VERSION = 1;
				DEVELOPMENT_ASSET_PATHS = "";
				DEVELOPMENT_TEAM = 692R843P25;
				ENABLE_HARDENED_RUNTIME = YES;
				ENABLE_PREVIEWS = YES;
				GENERATE_INFOPLIST_FILE = YES;
				HEADER_SEARCH_PATHS = (
					"..\\llama.cpp",
					"..\\llame.cpp\\common",
				);
				"INFOPLIST_KEY_UIApplicationSceneManifest_Generation[sdk=iphoneos*]" = YES;
				"INFOPLIST_KEY_UIApplicationSceneManifest_Generation[sdk=iphonesimulator*]" = YES;
				"INFOPLIST_KEY_UIApplicationSupportsIndirectInputEvents[sdk=iphoneos*]" = YES;
				"INFOPLIST_KEY_UIApplicationSupportsIndirectInputEvents[sdk=iphonesimulator*]" = YES;
				"INFOPLIST_KEY_UILaunchScreen_Generation[sdk=iphoneos*]" = YES;
				"INFOPLIST_KEY_UILaunchScreen_Generation[sdk=iphonesimulator*]" = YES;
				"INFOPLIST_KEY_UIStatusBarStyle[sdk=iphoneos*]" = UIStatusBarStyleDefault;
				"INFOPLIST_KEY_UIStatusBarStyle[sdk=iphonesimulator*]" = UIStatusBarStyleDefault;
				INFOPLIST_KEY_UISupportedInterfaceOrientations_iPad = "UIInterfaceOrientationPortrait UIInterfaceOrientationPortraitUpsideDown UIInterfaceOrientationLandscapeLeft UIInterfaceOrientationLandscapeRight";
				INFOPLIST_KEY_UISupportedInterfaceOrientations_iPhone = "UIInterfaceOrientationPortrait UIInterfaceOrientationLandscapeLeft UIInterfaceOrientationLandscapeRight";
				IPHONEOS_DEPLOYMENT_TARGET = 17.4;
				LD_RUNPATH_SEARCH_PATHS = "@executable_path/Frameworks";
				"LD_RUNPATH_SEARCH_PATHS[sdk=macosx*]" = "@executable_path/../Frameworks";
				MACOSX_DEPLOYMENT_TARGET = 14.4;
				MARKETING_VERSION = 1.0;
				OTHER_CFLAGS = (
					"-D_XOPEN_SOURCE=600",
					"-D_DARWIN_C_SOURCE",
					"-DNDEBUG",
					"-DGGML_USE_ACCELERATE",
					"-DACCELERATE_NEW_LAPACK",
					"-DACCELERATE_LAPACK_ILP64",
					"-DGGML_USE_METAL",
					"-std=c11",
					"-fPIC",
					"-O3",
					"-Wall",
					"-Wextra",
					"-Wpedantic",
					"-Wcast-qual",
					"-Wno-unused-function",
					"-Wshadow",
					"-Wstrict-prototypes",
					"-Wpointer-arith",
					"-Wmissing-prototypes",
					"-Werror=implicit-int",
					"-Werror=implicit-function-declaration",
					"-pthread",
					"-Wunreachable-code-break",
					"-Wunreachable-code-return",
					"-Wno-conversion",
					"-Wno-double-promotion",
					"-DJOKE",
					"-DLOG_DISABLE_LOGS",
				);
				OTHER_CPLUSPLUSFLAGS = (
					"-fPIC",
					"-O3",
					"-Wall",
					"-Wextra",
					"-Wpedantic",
					"-Wcast-qual",
					"-Wno-unused-function",
					"-Wmissing-declarations",
					"-Wmissing-noreturn",
					"-pthread",
					"-Wunreachable-code-break",
					"-Wunreachable-code-return",
					"-Wmissing-prototypes",
					"-Wextra-semi",
					"-I.",
					"-Icommon",
					"-D_XOPEN_SOURCE=600",
					"-D_DARWIN_C_SOURCE",
					"-DNDEBUG",
					"-DGGML_USE_ACCELERATE",
					"-DACCELERATE_NEW_LAPACK",
					"-DACCELERATE_LAPACK_ILP64",
					"-DGGML_USE_METAL",
					"-Wno-conversion",
					"-DLOG_DISABLE_LOGS",
				);
				PRODUCT_BUNDLE_IDENTIFIER = io.github.leok7v.joke;
				PRODUCT_NAME = "$(TARGET_NAME)";
				SDKROOT = auto;
				SUPPORTED_PLATFORMS = "iphoneos iphonesimulator macosx";
				SWIFT_EMIT_LOC_STRINGS = YES;
				SWIFT_OBJC_BRIDGING_HEADER = "../src/bridging-header.h";
				SWIFT_OPTIMIZATION_LEVEL = "-Onone";
				SWIFT_VERSION = 5.0;
				TARGETED_DEVICE_FAMILY = "1,2";
			};
			name = Debug;
		};
		B3C2C1AC2BCA1FE800F9ABEE /* Release */ = {
			isa = XCBuildConfiguration;
			buildSettings = {
				ASSETCATALOG_COMPILER_APPICON_NAME = AppIcon;
				ASSETCATALOG_COMPILER_GLOBAL_ACCENT_COLOR_NAME = AccentColor;
				CLANG_ENABLE_MODULES = YES;
				CLANG_ENABLE_OBJC_ARC = NO;
				CODE_SIGN_ENTITLEMENTS = ../src/joke.entitlements;
				CODE_SIGN_STYLE = Automatic;
				CURRENT_PROJECT_VERSION = 1;
				DEVELOPMENT_ASSET_PATHS = "";
				DEVELOPMENT_TEAM = 692R843P25;
				ENABLE_HARDENED_RUNTIME = YES;
				ENABLE_PREVIEWS = YES;
				GENERATE_INFOPLIST_FILE = YES;
				HEADER_SEARCH_PATHS = (
					"..\\llama.cpp",
					"..\\llame.cpp\\common",
				);
				"INFOPLIST_KEY_UIApplicationSceneManifest_Generation[sdk=iphoneos*]" = YES;
				"INFOPLIST_KEY_UIApplicationSceneManifest_Generation[sdk=iphonesimulator*]" = YES;
				"INFOPLIST_KEY_UIApplicationSupportsIndirectInputEvents[sdk=iphoneos*]" = YES;
				"INFOPLIST_KEY_UIApplicationSupportsIndirectInputEvents[sdk=iphonesimulator*]" = YES;
				"INFOPLIST_KEY_UILaunchScreen_Generation[sdk=iphoneos*]" = YES;
				"INFOPLIST_KEY_UILaunchScreen_Generation[sdk=iphonesimulator*]" = YES;
				"INFOPLIST_KEY_UIStatusBarStyle[sdk=iphoneos*]" = UIStatusBarStyleDefault;
				"INFOPLIST_KEY_UIStatusBarStyle[sdk=iphonesimulator*]" = UIStatusBarStyleDefault;
				INFOPLIST_KEY_UISupportedInterfaceOrientations_iPad = "UIInterfaceOrientationPortrait UIInterfaceOrientationPortraitUpsideDown UIInterfaceOrientationLandscapeLeft UIInterfaceOrientationLandscapeRight";
				INFOPLIST_KEY_UISupportedInterfaceOrientations_iPhone = "UIInterfaceOrientationPortrait UIInterfaceOrientationLandscapeLeft UIInterfaceOrientationLandscapeRight";
				IPHONEOS_DEPLOYMENT_TARGET = 17.4;
				LD_RUNPATH_SEARCH_PATHS = "@executable_path/Frameworks";
				"LD_RUNPATH_SEARCH_PATHS[sdk=macosx*]" = "@executable_path/../Frameworks";
				MACOSX_DEPLOYMENT_TARGET = 14.4;
				MARKETING_VERSION = 1.0;
				OTHER_CFLAGS = (
					"-D_XOPEN_SOURCE=600",
					"-D_DARWIN_C_SOURCE",
					"-DNDEBUG",
					"-DGGML_USE_ACCELERATE",
					"-DACCELERATE_NEW_LAPACK",
					"-DACCELERATE_LAPACK_ILP64",
					"-DGGML_USE_METAL",
					"-std=c11",
					"-fPIC",
					"-O3",
					"-Wall",
					"-Wextra",
					"-Wpedantic",
					"-Wcast-qual",
					"-Wno-unused-function",
					"-Wshadow",
					"-Wstrict-prototypes",
					"-Wpointer-arith",
					"-Wmissing-prototypes",
					"-Werror=implicit-int",
					"-Werror=implicit-function-declaration",
					"-pthread",
					"-Wunreachable-code-break",
					"-Wunreachable-code-return",
					"-Wno-conversion",
					"-Wno-double-promotion",
					"-DJOKE",
					"-DLOG_DISABLE_LOGS",
				);
				OTHER_CPLUSPLUSFLAGS = (
					"-fPIC",
					"-O3",
					"-Wall",
					"-Wextra",
					"-Wpedantic",
					"-Wcast-qual",
					"-Wno-unused-function",
					"-Wmissing-declarations",
					"-Wmissing-noreturn",
					"-pthread",
					"-Wunreachable-code-break",
					"-Wunreachable-code-return",
					"-Wmissing-prototypes",
					"-Wextra-semi",
					"-I.",
					"-Icommon",
					"-D_XOPEN_SOURCE=600",
					"-D_DARWIN_C_SOURCE",
					"-DNDEBUG",
					"-DGGML_USE_ACCELERATE",
					"-DACCELERATE_NEW_LAPACK",
					"-DACCELERATE_LAPACK_ILP64",
					"-DGGML_USE_METAL",
					"-Wno-conversion",
					"-DLOG_DISABLE_LOGS",
				);
				PRODUCT_BUNDLE_IDENTIFIER = io.github.leok7v.joke;
				PRODUCT_NAME = "$(TARGET_NAME)";
				SDKROOT = auto;
				SUPPORTED_PLATFORMS = "iphoneos iphonesimulator macosx";
				SWIFT_EMIT_LOC_STRINGS = YES;
				SWIFT_OBJC_BRIDGING_HEADER = "../src/bridging-header.h";
				SWIFT_VERSION = 5.0;
				TARGETED_DEVICE_FAMILY = "1,2";
			};
			name = Release;
		};
/* End XCBuildConfiguration section */

/* Begin XCConfigurationList section */
		B3C2C1962BCA1FE800F9ABEE /* Build configuration list for PBXProject "joke" */ = {
			isa = XCConfigurationList;
			buildConfigurations = (
				B3C2C1A82BCA1FE800F9ABEE /* Debug */,
				B3C2C1A92BCA1FE800F9ABEE /* Release */,
			);
			defaultConfigurationIsVisible = 0;
			defaultConfigurationName = Release;
		};
		B3C2C1AA2BCA1FE800F9ABEE /* Build configuration list for PBXNativeTarget "joke" */ = {
			isa = XCConfigurationList;
			buildConfigurations = (
				B3C2C1AB2BCA1FE800F9ABEE /* Debug */,
				B3C2C1AC2BCA1FE800F9ABEE /* Release */,
			);
			defaultConfigurationIsVisible = 0;
			defaultConfigurationName = Release;
		};
/* End XCConfigurationList section */
	};
	rootObject = B3C2C1932BCA1FE800F9ABEE /* Project object */;
}
